// !$*UTF8*$!
{
	archiveVersion = 1;
	classes = {
	};
	objectVersion = 50;
	objects = {

/* Begin PBXBuildFile section */
		D8FFF87025B4AF1A005F7AD8 /* AppDelegate.swift in Sources */ = {isa = PBXBuildFile; fileRef = D8FFF86F25B4AF1A005F7AD8 /* AppDelegate.swift */; };
		D8FFF87225B4AF1A005F7AD8 /* SceneDelegate.swift in Sources */ = {isa = PBXBuildFile; fileRef = D8FFF87125B4AF1A005F7AD8 /* SceneDelegate.swift */; };
		D8FFF87425B4AF1A005F7AD8 /* ViewController.swift in Sources */ = {isa = PBXBuildFile; fileRef = D8FFF87325B4AF1A005F7AD8 /* ViewController.swift */; };
		D8FFF87725B4AF1A005F7AD8 /* Main.storyboard in Resources */ = {isa = PBXBuildFile; fileRef = D8FFF87525B4AF1A005F7AD8 /* Main.storyboard */; };
		D8FFF87925B4AF1D005F7AD8 /* Assets.xcassets in Resources */ = {isa = PBXBuildFile; fileRef = D8FFF87825B4AF1D005F7AD8 /* Assets.xcassets */; };
		D8FFF87C25B4AF1D005F7AD8 /* LaunchScreen.storyboard in Resources */ = {isa = PBXBuildFile; fileRef = D8FFF87A25B4AF1D005F7AD8 /* LaunchScreen.storyboard */; };
/* End PBXBuildFile section */

/* Begin PBXFileReference section */
		D8FFF86C25B4AF1A005F7AD8 /* XoGame.app */ = {isa = PBXFileReference; explicitFileType = wrapper.application; includeInIndex = 0; path = XoGame.app; sourceTree = BUILT_PRODUCTS_DIR; };
		D8FFF86F25B4AF1A005F7AD8 /* AppDelegate.swift */ = {isa = PBXFileReference; lastKnownFileType = sourcecode.swift; path = AppDelegate.swift; sourceTree = "<group>"; };
		D8FFF87125B4AF1A005F7AD8 /* SceneDelegate.swift */ = {isa = PBXFileReference; lastKnownFileType = sourcecode.swift; path = SceneDelegate.swift; sourceTree = "<group>"; };
		D8FFF87325B4AF1A005F7AD8 /* ViewController.swift */ = {isa = PBXFileReference; lastKnownFileType = sourcecode.swift; path = ViewController.swift; sourceTree = "<group>"; };
		D8FFF87625B4AF1A005F7AD8 /* Base */ = {isa = PBXFileReference; lastKnownFileType = file.storyboard; name = Base; path = Base.lproj/Main.storyboard; sourceTree = "<group>"; };
		D8FFF87825B4AF1D005F7AD8 /* Assets.xcassets */ = {isa = PBXFileReference; lastKnownFileType = folder.assetcatalog; path = Assets.xcassets; sourceTree = "<group>"; };
		D8FFF87B25B4AF1D005F7AD8 /* Base */ = {isa = PBXFileReference; lastKnownFileType = file.storyboard; name = Base; path = Base.lproj/LaunchScreen.storyboard; sourceTree = "<group>"; };
		D8FFF87D25B4AF1D005F7AD8 /* Info.plist */ = {isa = PBXFileReference; lastKnownFileType = text.plist.xml; path = Info.plist; sourceTree = "<group>"; };
/* End PBXFileReference section */

/* Begin PBXFrameworksBuildPhase section */
		D8FFF86925B4AF1A005F7AD8 /* Frameworks */ = {
			isa = PBXFrameworksBuildPhase;
			buildActionMask = 2147483647;
			files = (
			);
			runOnlyForDeploymentPostprocessing = 0;
		};
/* End PBXFrameworksBuildPhase section */

/* Begin PBXGroup section */
		D8FFF86325B4AF1A005F7AD8 = {
			isa = PBXGroup;
			children = (
				D8FFF86E25B4AF1A005F7AD8 /* XoGame */,
				D8FFF86D25B4AF1A005F7AD8 /* Products */,
			);
			sourceTree = "<group>";
		};
		D8FFF86D25B4AF1A005F7AD8 /* Products */ = {
			isa = PBXGroup;
			children = (
				D8FFF86C25B4AF1A005F7AD8 /* XoGame.app */,
			);
			name = Products;
			sourceTree = "<group>";
		};
		D8FFF86E25B4AF1A005F7AD8 /* XoGame */ = {
			isa = PBXGroup;
			children = (
				D8FFF86F25B4AF1A005F7AD8 /* AppDelegate.swift */,
				D8FFF87125B4AF1A005F7AD8 /* SceneDelegate.swift */,
				D8FFF87325B4AF1A005F7AD8 /* ViewController.swift */,
				D8FFF87525B4AF1A005F7AD8 /* Main.storyboard */,
				D8FFF87825B4AF1D005F7AD8 /* Assets.xcassets */,
				D8FFF87A25B4AF1D005F7AD8 /* LaunchScreen.storyboard */,
				D8FFF87D25B4AF1D005F7AD8 /* Info.plist */,
			);
			path = XoGame;
			sourceTree = "<group>";
		};
/* End PBXGroup section */

/* Begin PBXNativeTarget section */
		D8FFF86B25B4AF1A005F7AD8 /* XoGame */ = {
			isa = PBXNativeTarget;
			buildConfigurationList = D8FFF88025B4AF1D005F7AD8 /* Build configuration list for PBXNativeTarget "XoGame" */;
			buildPhases = (
				D8FFF86825B4AF1A005F7AD8 /* Sources */,
				D8FFF86925B4AF1A005F7AD8 /* Frameworks */,
				D8FFF86A25B4AF1A005F7AD8 /* Resources */,
			);
			buildRules = (
			);
			dependencies = (
			);
			name = XoGame;
			productName = XoGame;
			productReference = D8FFF86C25B4AF1A005F7AD8 /* XoGame.app */;
			productType = "com.apple.product-type.application";
		};
/* End PBXNativeTarget section */

/* Begin PBXProject section */
		D8FFF86425B4AF1A005F7AD8 /* Project object */ = {
			isa = PBXProject;
			attributes = {
				LastSwiftUpdateCheck = 1230;
				LastUpgradeCheck = 1230;
				TargetAttributes = {
					D8FFF86B25B4AF1A005F7AD8 = {
						CreatedOnToolsVersion = 12.3;
					};
				};
			};
			buildConfigurationList = D8FFF86725B4AF1A005F7AD8 /* Build configuration list for PBXProject "XoGame" */;
			compatibilityVersion = "Xcode 9.3";
			developmentRegion = en;
			hasScannedForEncodings = 0;
			knownRegions = (
				en,
				Base,
			);
			mainGroup = D8FFF86325B4AF1A005F7AD8;
			productRefGroup = D8FFF86D25B4AF1A005F7AD8 /* Products */;
			projectDirPath = "";
			projectRoot = "";
			targets = (
				D8FFF86B25B4AF1A005F7AD8 /* XoGame */,
			);
		};
/* End PBXProject section */

/* Begin PBXResourcesBuildPhase section */
		D8FFF86A25B4AF1A005F7AD8 /* Resources */ = {
			isa = PBXResourcesBuildPhase;
			buildActionMask = 2147483647;
			files = (
				D8FFF87C25B4AF1D005F7AD8 /* LaunchScreen.storyboard in Resources */,
				D8FFF87925B4AF1D005F7AD8 /* Assets.xcassets in Resources */,
				D8FFF87725B4AF1A005F7AD8 /* Main.storyboard in Resources */,
			);
			runOnlyForDeploymentPostprocessing = 0;
		};
/* End PBXResourcesBuildPhase section */

/* Begin PBXSourcesBuildPhase section */
		D8FFF86825B4AF1A005F7AD8 /* Sources */ = {
			isa = PBXSourcesBuildPhase;
			buildActionMask = 2147483647;
			files = (
				D8FFF87425B4AF1A005F7AD8 /* ViewController.swift in Sources */,
				D8FFF87025B4AF1A005F7AD8 /* AppDelegate.swift in Sources */,
				D8FFF87225B4AF1A005F7AD8 /* SceneDelegate.swift in Sources */,
			);
			runOnlyForDeploymentPostprocessing = 0;
		};
/* End PBXSourcesBuildPhase section */

/* Begin PBXVariantGroup section */
		D8FFF87525B4AF1A005F7AD8 /* Main.storyboard */ = {
			isa = PBXVariantGroup;
			children = (
				D8FFF87625B4AF1A005F7AD8 /* Base */,
			);
			name = Main.storyboard;
			sourceTree = "<group>";
		};
		D8FFF87A25B4AF1D005F7AD8 /* LaunchScreen.storyboard */ = {
			isa = PBXVariantGroup;
			children = (
				D8FFF87B25B4AF1D005F7AD8 /* Base */,
			);
			name = LaunchScreen.storyboard;
			sourceTree = "<group>";
		};
/* End PBXVariantGroup section */

/* Begin XCBuildConfiguration section */
		D8FFF87E25B4AF1D005F7AD8 /* Debug */ = {
			isa = XCBuildConfiguration;
			buildSettings = {
				ALWAYS_SEARCH_USER_PATHS = NO;
				CLANG_ANALYZER_NONNULL = YES;
				CLANG_ANALYZER_NUMBER_OBJECT_CONVERSION = YES_AGGRESSIVE;
				CLANG_CXX_LANGUAGE_STANDARD = "gnu++14";
				CLANG_CXX_LIBRARY = "libc++";
				CLANG_ENABLE_MODULES = YES;
				CLANG_ENABLE_OBJC_ARC = YES;
				CLANG_ENABLE_OBJC_WEAK = YES;
				CLANG_WARN_BLOCK_CAPTURE_AUTORELEASING = YES;
				CLANG_WARN_BOOL_CONVERSION = YES;
				CLANG_WARN_COMMA = YES;
				CLANG_WARN_CONSTANT_CONVERSION = YES;
				CLANG_WARN_DEPRECATED_OBJC_IMPLEMENTATIONS = YES;
				CLANG_WARN_DIRECT_OBJC_ISA_USAGE = YES_ERROR;
				CLANG_WARN_DOCUMENTATION_COMMENTS = YES;
				CLANG_WARN_EMPTY_BODY = YES;
				CLANG_WARN_ENUM_CONVERSION = YES;
				CLANG_WARN_INFINITE_RECURSION = YES;
				CLANG_WARN_INT_CONVERSION = YES;
				CLANG_WARN_NON_LITERAL_NULL_CONVERSION = YES;
				CLANG_WARN_OBJC_IMPLICIT_RETAIN_SELF = YES;
				CLANG_WARN_OBJC_LITERAL_CONVERSION = YES;
				CLANG_WARN_OBJC_ROOT_CLASS = YES_ERROR;
				CLANG_WARN_QUOTED_INCLUDE_IN_FRAMEWORK_HEADER = YES;
				CLANG_WARN_RANGE_LOOP_ANALYSIS = YES;
				CLANG_WARN_STRICT_PROTOTYPES = YES;
				CLANG_WARN_SUSPICIOUS_MOVE = YES;
				CLANG_WARN_UNGUARDED_AVAILABILITY = YES_AGGRESSIVE;
				CLANG_WARN_UNREACHABLE_CODE = YES;
				CLANG_WARN__DUPLICATE_METHOD_MATCH = YES;
				COPY_PHASE_STRIP = NO;
				DEBUG_INFORMATION_FORMAT = dwarf;
				ENABLE_STRICT_OBJC_MSGSEND = YES;
				ENABLE_TESTABILITY = YES;
				GCC_C_LANGUAGE_STANDARD = gnu11;
				GCC_DYNAMIC_NO_PIC = NO;
				GCC_NO_COMMON_BLOCKS = YES;
				GCC_OPTIMIZATION_LEVEL = 0;
				GCC_PREPROCESSOR_DEFINITIONS = (
					"DEBUG=1",
					"$(inherited)",
				);
				GCC_WARN_64_TO_32_BIT_CONVERSION = YES;
				GCC_WARN_ABOUT_RETURN_TYPE = YES_ERROR;
				GCC_WARN_UNDECLARED_SELECTOR = YES;
				GCC_WARN_UNINITIALIZED_AUTOS = YES_AGGRESSIVE;
				GCC_WARN_UNUSED_FUNCTION = YES;
				GCC_WARN_UNUSED_VARIABLE = YES;
				IPHONEOS_DEPLOYMENT_TARGET = 14.3;
				MTL_ENABLE_DEBUG_INFO = INCLUDE_SOURCE;
				MTL_FAST_MATH = YES;
				ONLY_ACTIVE_ARCH = YES;
				SDKROOT = iphoneos;
				SWIFT_ACTIVE_COMPILATION_CONDITIONS = DEBUG;
				SWIFT_OPTIMIZATION_LEVEL = "-Onone";
			};
			name = Debug;
		};
		D8FFF87F25B4AF1D005F7AD8 /* Release */ = {
			isa = XCBuildConfiguration;
			buildSettings = {
				ALWAYS_SEARCH_USER_PATHS = NO;
				CLANG_ANALYZER_NONNULL = YES;
				CLANG_ANALYZER_NUMBER_OBJECT_CONVERSION = YES_AGGRESSIVE;
				CLANG_CXX_LANGUAGE_STANDARD = "gnu++14";
				CLANG_CXX_LIBRARY = "libc++";
				CLANG_ENABLE_MODULES = YES;
				CLANG_ENABLE_OBJC_ARC = YES;
				CLANG_ENABLE_OBJC_WEAK = YES;
				CLANG_WARN_BLOCK_CAPTURE_AUTORELEASING = YES;
				CLANG_WARN_BOOL_CONVERSION = YES;
				CLANG_WARN_COMMA = YES;
				CLANG_WARN_CONSTANT_CONVERSION = YES;
				CLANG_WARN_DEPRECATED_OBJC_IMPLEMENTATIONS = YES;
				CLANG_WARN_DIRECT_OBJC_ISA_USAGE = YES_ERROR;
				CLANG_WARN_DOCUMENTATION_COMMENTS = YES;
				CLANG_WARN_EMPTY_BODY = YES;
				CLANG_WARN_ENUM_CONVERSION = YES;
				CLANG_WARN_INFINITE_RECURSION = YES;
				CLANG_WARN_INT_CONVERSION = YES;
				CLANG_WARN_NON_LITERAL_NULL_CONVERSION = YES;
				CLANG_WARN_OBJC_IMPLICIT_RETAIN_SELF = YES;
				CLANG_WARN_OBJC_LITERAL_CONVERSION = YES;
				CLANG_WARN_OBJC_ROOT_CLASS = YES_ERROR;
				CLANG_WARN_QUOTED_INCLUDE_IN_FRAMEWORK_HEADER = YES;
				CLANG_WARN_RANGE_LOOP_ANALYSIS = YES;
				CLANG_WARN_STRICT_PROTOTYPES = YES;
				CLANG_WARN_SUSPICIOUS_MOVE = YES;
				CLANG_WARN_UNGUARDED_AVAILABILITY = YES_AGGRESSIVE;
				CLANG_WARN_UNREACHABLE_CODE = YES;
				CLANG_WARN__DUPLICATE_METHOD_MATCH = YES;
				COPY_PHASE_STRIP = NO;
				DEBUG_INFORMATION_FORMAT = "dwarf-with-dsym";
				ENABLE_NS_ASSERTIONS = NO;
				ENABLE_STRICT_OBJC_MSGSEND = YES;
				GCC_C_LANGUAGE_STANDARD = gnu11;
				GCC_NO_COMMON_BLOCKS = YES;
				GCC_WARN_64_TO_32_BIT_CONVERSION = YES;
				GCC_WARN_ABOUT_RETURN_TYPE = YES_ERROR;
				GCC_WARN_UNDECLARED_SELECTOR = YES;
				GCC_WARN_UNINITIALIZED_AUTOS = YES_AGGRESSIVE;
				GCC_WARN_UNUSED_FUNCTION = YES;
				GCC_WARN_UNUSED_VARIABLE = YES;
				IPHONEOS_DEPLOYMENT_TARGET = 14.3;
				MTL_ENABLE_DEBUG_INFO = NO;
				MTL_FAST_MATH = YES;
				SDKROOT = iphoneos;
				SWIFT_COMPILATION_MODE = wholemodule;
				SWIFT_OPTIMIZATION_LEVEL = "-O";
				VALIDATE_PRODUCT = YES;
			};
			name = Release;
		};
		D8FFF88125B4AF1D005F7AD8 /* Debug */ = {
			isa = XCBuildConfiguration;
			buildSettings = {
				ASSETCATALOG_COMPILER_APPICON_NAME = AppIcon;
				ASSETCATALOG_COMPILER_GLOBAL_ACCENT_COLOR_NAME = AccentColor;
				CODE_SIGN_STYLE = Automatic;
				DEVELOPMENT_TEAM = GD7BVBMKPH;
				INFOPLIST_FILE = XoGame/Info.plist;
				LD_RUNPATH_SEARCH_PATHS = (
					"$(inherited)",
					"@executable_path/Frameworks",
				);
				PRODUCT_BUNDLE_IDENTIFIER = takesfive.XoGame;
				PRODUCT_NAME = "$(TARGET_NAME)";
				SWIFT_VERSION = 5.0;
				TARGETED_DEVICE_FAMILY = "1,2";
			};
			name = Debug;
		};
		D8FFF88225B4AF1D005F7AD8 /* Release */ = {
			isa = XCBuildConfiguration;
			buildSettings = {
				ASSETCATALOG_COMPILER_APPICON_NAME = AppIcon;
				ASSETCATALOG_COMPILER_GLOBAL_ACCENT_COLOR_NAME = AccentColor;
				CODE_SIGN_STYLE = Automatic;
				DEVELOPMENT_TEAM = GD7BVBMKPH;
				INFOPLIST_FILE = XoGame/Info.plist;
				LD_RUNPATH_SEARCH_PATHS = (
					"$(inherited)",
					"@executable_path/Frameworks",
				);
				PRODUCT_BUNDLE_IDENTIFIER = takesfive.XoGame;
				PRODUCT_NAME = "$(TARGET_NAME)";
				SWIFT_VERSION = 5.0;
				TARGETED_DEVICE_FAMILY = "1,2";
			};
			name = Release;
		};
/* End XCBuildConfiguration section */

/* Begin XCConfigurationList section */
		D8FFF86725B4AF1A005F7AD8 /* Build configuration list for PBXProject "XoGame" */ = {
			isa = XCConfigurationList;
			buildConfigurations = (
				D8FFF87E25B4AF1D005F7AD8 /* Debug */,
				D8FFF87F25B4AF1D005F7AD8 /* Release */,
			);
			defaultConfigurationIsVisible = 0;
			defaultConfigurationName = Release;
		};
		D8FFF88025B4AF1D005F7AD8 /* Build configuration list for PBXNativeTarget "XoGame" */ = {
			isa = XCConfigurationList;
			buildConfigurations = (
				D8FFF88125B4AF1D005F7AD8 /* Debug */,
				D8FFF88225B4AF1D005F7AD8 /* Release */,
			);
			defaultConfigurationIsVisible = 0;
			defaultConfigurationName = Release;
		};
/* End XCConfigurationList section */
	};
	rootObject = D8FFF86425B4AF1A005F7AD8 /* Project object */;
}
